// !$*UTF8*$!
{
	archiveVersion = 1;
	classes = {
	};
	objectVersion = 50;
	objects = {

/* Begin PBXBuildFile section */
		F863ECFA25942DDA00C13D83 /* AppDelegate.swift in Sources */ = {isa = PBXBuildFile; fileRef = F863ECF925942DDA00C13D83 /* AppDelegate.swift */; };
		F863ECFC25942DDA00C13D83 /* SceneDelegate.swift in Sources */ = {isa = PBXBuildFile; fileRef = F863ECFB25942DDA00C13D83 /* SceneDelegate.swift */; };
		F863ECFE25942DDA00C13D83 /* ViewController.swift in Sources */ = {isa = PBXBuildFile; fileRef = F863ECFD25942DDA00C13D83 /* ViewController.swift */; };
		F863ED0125942DDA00C13D83 /* Main.storyboard in Resources */ = {isa = PBXBuildFile; fileRef = F863ECFF25942DDA00C13D83 /* Main.storyboard */; };
		F863ED0325942DDD00C13D83 /* Assets.xcassets in Resources */ = {isa = PBXBuildFile; fileRef = F863ED0225942DDD00C13D83 /* Assets.xcassets */; };
		F863ED0625942DDD00C13D83 /* LaunchScreen.storyboard in Resources */ = {isa = PBXBuildFile; fileRef = F863ED0425942DDD00C13D83 /* LaunchScreen.storyboard */; };
/* End PBXBuildFile section */

/* Begin PBXFileReference section */
		F863ECF625942DDA00C13D83 /* Text App.app */ = {isa = PBXFileReference; explicitFileType = wrapper.application; includeInIndex = 0; path = "Text App.app"; sourceTree = BUILT_PRODUCTS_DIR; };
		F863ECF925942DDA00C13D83 /* AppDelegate.swift */ = {isa = PBXFileReference; lastKnownFileType = sourcecode.swift; path = AppDelegate.swift; sourceTree = "<group>"; };
		F863ECFB25942DDA00C13D83 /* SceneDelegate.swift */ = {isa = PBXFileReference; lastKnownFileType = sourcecode.swift; path = SceneDelegate.swift; sourceTree = "<group>"; };
		F863ECFD25942DDA00C13D83 /* ViewController.swift */ = {isa = PBXFileReference; lastKnownFileType = sourcecode.swift; path = ViewController.swift; sourceTree = "<group>"; };
		F863ED0025942DDA00C13D83 /* Base */ = {isa = PBXFileReference; lastKnownFileType = file.storyboard; name = Base; path = Base.lproj/Main.storyboard; sourceTree = "<group>"; };
		F863ED0225942DDD00C13D83 /* Assets.xcassets */ = {isa = PBXFileReference; lastKnownFileType = folder.assetcatalog; path = Assets.xcassets; sourceTree = "<group>"; };
		F863ED0525942DDD00C13D83 /* Base */ = {isa = PBXFileReference; lastKnownFileType = file.storyboard; name = Base; path = Base.lproj/LaunchScreen.storyboard; sourceTree = "<group>"; };
		F863ED0725942DDD00C13D83 /* Info.plist */ = {isa = PBXFileReference; lastKnownFileType = text.plist.xml; path = Info.plist; sourceTree = "<group>"; };
/* End PBXFileReference section */

/* Begin PBXFrameworksBuildPhase section */
		F863ECF325942DDA00C13D83 /* Frameworks */ = {
			isa = PBXFrameworksBuildPhase;
			buildActionMask = 2147483647;
			files = (
			);
			runOnlyForDeploymentPostprocessing = 0;
		};
/* End PBXFrameworksBuildPhase section */

/* Begin PBXGroup section */
		F863ECED25942DDA00C13D83 = {
			isa = PBXGroup;
			children = (
				F863ECF825942DDA00C13D83 /* Text App */,
				F863ECF725942DDA00C13D83 /* Products */,
			);
			sourceTree = "<group>";
		};
		F863ECF725942DDA00C13D83 /* Products */ = {
			isa = PBXGroup;
			children = (
				F863ECF625942DDA00C13D83 /* Text App.app */,
			);
			name = Products;
			sourceTree = "<group>";
		};
		F863ECF825942DDA00C13D83 /* Text App */ = {
			isa = PBXGroup;
			children = (
				F863ECF925942DDA00C13D83 /* AppDelegate.swift */,
				F863ECFB25942DDA00C13D83 /* SceneDelegate.swift */,
				F863ECFD25942DDA00C13D83 /* ViewController.swift */,
				F863ECFF25942DDA00C13D83 /* Main.storyboard */,
				F863ED0225942DDD00C13D83 /* Assets.xcassets */,
				F863ED0425942DDD00C13D83 /* LaunchScreen.storyboard */,
				F863ED0725942DDD00C13D83 /* Info.plist */,
			);
			path = "Text App";
			sourceTree = "<group>";
		};
/* End PBXGroup section */

/* Begin PBXNativeTarget section */
		F863ECF525942DDA00C13D83 /* Text App */ = {
			isa = PBXNativeTarget;
			buildConfigurationList = F863ED0A25942DDD00C13D83 /* Build configuration list for PBXNativeTarget "Text App" */;
			buildPhases = (
				F863ECF225942DDA00C13D83 /* Sources */,
				F863ECF325942DDA00C13D83 /* Frameworks */,
				F863ECF425942DDA00C13D83 /* Resources */,
			);
			buildRules = (
			);
			dependencies = (
			);
			name = "Text App";
			productName = "Text App";
			productReference = F863ECF625942DDA00C13D83 /* Text App.app */;
			productType = "com.apple.product-type.application";
		};
/* End PBXNativeTarget section */

/* Begin PBXProject section */
		F863ECEE25942DDA00C13D83 /* Project object */ = {
			isa = PBXProject;
			attributes = {
				LastSwiftUpdateCheck = 1230;
				LastUpgradeCheck = 1230;
				TargetAttributes = {
					F863ECF525942DDA00C13D83 = {
						CreatedOnToolsVersion = 12.3;
					};
				};
			};
			buildConfigurationList = F863ECF125942DDA00C13D83 /* Build configuration list for PBXProject "Text App" */;
			compatibilityVersion = "Xcode 9.3";
			developmentRegion = en;
			hasScannedForEncodings = 0;
			knownRegions = (
				en,
				Base,
			);
			mainGroup = F863ECED25942DDA00C13D83;
			productRefGroup = F863ECF725942DDA00C13D83 /* Products */;
			projectDirPath = "";
			projectRoot = "";
			targets = (
				F863ECF525942DDA00C13D83 /* Text App */,
			);
		};
/* End PBXProject section */

/* Begin PBXResourcesBuildPhase section */
		F863ECF425942DDA00C13D83 /* Resources */ = {
			isa = PBXResourcesBuildPhase;
			buildActionMask = 2147483647;
			files = (
				F863ED0625942DDD00C13D83 /* LaunchScreen.storyboard in Resources */,
				F863ED0325942DDD00C13D83 /* Assets.xcassets in Resources */,
				F863ED0125942DDA00C13D83 /* Main.storyboard in Resources */,
			);
			runOnlyForDeploymentPostprocessing = 0;
		};
/* End PBXResourcesBuildPhase section */

/* Begin PBXSourcesBuildPhase section */
		F863ECF225942DDA00C13D83 /* Sources */ = {
			isa = PBXSourcesBuildPhase;
			buildActionMask = 2147483647;
			files = (
				F863ECFE25942DDA00C13D83 /* ViewController.swift in Sources */,
				F863ECFA25942DDA00C13D83 /* AppDelegate.swift in Sources */,
				F863ECFC25942DDA00C13D83 /* SceneDelegate.swift in Sources */,
			);
			runOnlyForDeploymentPostprocessing = 0;
		};
/* End PBXSourcesBuildPhase section */

/* Begin PBXVariantGroup section */
		F863ECFF25942DDA00C13D83 /* Main.storyboard */ = {
			isa = PBXVariantGroup;
			children = (
				F863ED0025942DDA00C13D83 /* Base */,
			);
			name = Main.storyboard;
			sourceTree = "<group>";
		};
		F863ED0425942DDD00C13D83 /* LaunchScreen.storyboard */ = {
			isa = PBXVariantGroup;
			children = (
				F863ED0525942DDD00C13D83 /* Base */,
			);
			name = LaunchScreen.storyboard;
			sourceTree = "<group>";
		};
/* End PBXVariantGroup section */

/* Begin XCBuildConfiguration section */
		F863ED0825942DDD00C13D83 /* Debug */ = {
			isa = XCBuildConfiguration;
			buildSettings = {
				ALWAYS_SEARCH_USER_PATHS = NO;
				CLANG_ANALYZER_NONNULL = YES;
				CLANG_ANALYZER_NUMBER_OBJECT_CONVERSION = YES_AGGRESSIVE;
				CLANG_CXX_LANGUAGE_STANDARD = "gnu++14";
				CLANG_CXX_LIBRARY = "libc++";
				CLANG_ENABLE_MODULES = YES;
				CLANG_ENABLE_OBJC_ARC = YES;
				CLANG_ENABLE_OBJC_WEAK = YES;
				CLANG_WARN_BLOCK_CAPTURE_AUTORELEASING = YES;
				CLANG_WARN_BOOL_CONVERSION = YES;
				CLANG_WARN_COMMA = YES;
				CLANG_WARN_CONSTANT_CONVERSION = YES;
				CLANG_WARN_DEPRECATED_OBJC_IMPLEMENTATIONS = YES;
				CLANG_WARN_DIRECT_OBJC_ISA_USAGE = YES_ERROR;
				CLANG_WARN_DOCUMENTATION_COMMENTS = YES;
				CLANG_WARN_EMPTY_BODY = YES;
				CLANG_WARN_ENUM_CONVERSION = YES;
				CLANG_WARN_INFINITE_RECURSION = YES;
				CLANG_WARN_INT_CONVERSION = YES;
				CLANG_WARN_NON_LITERAL_NULL_CONVERSION = YES;
				CLANG_WARN_OBJC_IMPLICIT_RETAIN_SELF = YES;
				CLANG_WARN_OBJC_LITERAL_CONVERSION = YES;
				CLANG_WARN_OBJC_ROOT_CLASS = YES_ERROR;
				CLANG_WARN_QUOTED_INCLUDE_IN_FRAMEWORK_HEADER = YES;
				CLANG_WARN_RANGE_LOOP_ANALYSIS = YES;
				CLANG_WARN_STRICT_PROTOTYPES = YES;
				CLANG_WARN_SUSPICIOUS_MOVE = YES;
				CLANG_WARN_UNGUARDED_AVAILABILITY = YES_AGGRESSIVE;
				CLANG_WARN_UNREACHABLE_CODE = YES;
				CLANG_WARN__DUPLICATE_METHOD_MATCH = YES;
				COPY_PHASE_STRIP = NO;
				DEBUG_INFORMATION_FORMAT = dwarf;
				ENABLE_STRICT_OBJC_MSGSEND = YES;
				ENABLE_TESTABILITY = YES;
				GCC_C_LANGUAGE_STANDARD = gnu11;
				GCC_DYNAMIC_NO_PIC = NO;
				GCC_NO_COMMON_BLOCKS = YES;
				GCC_OPTIMIZATION_LEVEL = 0;
				GCC_PREPROCESSOR_DEFINITIONS = (
					"DEBUG=1",
					"$(inherited)",
				);
				GCC_WARN_64_TO_32_BIT_CONVERSION = YES;
				GCC_WARN_ABOUT_RETURN_TYPE = YES_ERROR;
				GCC_WARN_UNDECLARED_SELECTOR = YES;
				GCC_WARN_UNINITIALIZED_AUTOS = YES_AGGRESSIVE;
				GCC_WARN_UNUSED_FUNCTION = YES;
				GCC_WARN_UNUSED_VARIABLE = YES;
				IPHONEOS_DEPLOYMENT_TARGET = 14.3;
				MTL_ENABLE_DEBUG_INFO = INCLUDE_SOURCE;
				MTL_FAST_MATH = YES;
				ONLY_ACTIVE_ARCH = YES;
				SDKROOT = iphoneos;
				SWIFT_ACTIVE_COMPILATION_CONDITIONS = DEBUG;
				SWIFT_OPTIMIZATION_LEVEL = "-Onone";
			};
			name = Debug;
		};
		F863ED0925942DDD00C13D83 /* Release */ = {
			isa = XCBuildConfiguration;
			buildSettings = {
				ALWAYS_SEARCH_USER_PATHS = NO;
				CLANG_ANALYZER_NONNULL = YES;
				CLANG_ANALYZER_NUMBER_OBJECT_CONVERSION = YES_AGGRESSIVE;
				CLANG_CXX_LANGUAGE_STANDARD = "gnu++14";
				CLANG_CXX_LIBRARY = "libc++";
				CLANG_ENABLE_MODULES = YES;
				CLANG_ENABLE_OBJC_ARC = YES;
				CLANG_ENABLE_OBJC_WEAK = YES;
				CLANG_WARN_BLOCK_CAPTURE_AUTORELEASING = YES;
				CLANG_WARN_BOOL_CONVERSION = YES;
				CLANG_WARN_COMMA = YES;
				CLANG_WARN_CONSTANT_CONVERSION = YES;
				CLANG_WARN_DEPRECATED_OBJC_IMPLEMENTATIONS = YES;
				CLANG_WARN_DIRECT_OBJC_ISA_USAGE = YES_ERROR;
				CLANG_WARN_DOCUMENTATION_COMMENTS = YES;
				CLANG_WARN_EMPTY_BODY = YES;
				CLANG_WARN_ENUM_CONVERSION = YES;
				CLANG_WARN_INFINITE_RECURSION = YES;
				CLANG_WARN_INT_CONVERSION = YES;
				CLANG_WARN_NON_LITERAL_NULL_CONVERSION = YES;
				CLANG_WARN_OBJC_IMPLICIT_RETAIN_SELF = YES;
				CLANG_WARN_OBJC_LITERAL_CONVERSION = YES;
				CLANG_WARN_OBJC_ROOT_CLASS = YES_ERROR;
				CLANG_WARN_QUOTED_INCLUDE_IN_FRAMEWORK_HEADER = YES;
				CLANG_WARN_RANGE_LOOP_ANALYSIS = YES;
				CLANG_WARN_STRICT_PROTOTYPES = YES;
				CLANG_WARN_SUSPICIOUS_MOVE = YES;
				CLANG_WARN_UNGUARDED_AVAILABILITY = YES_AGGRESSIVE;
				CLANG_WARN_UNREACHABLE_CODE = YES;
				CLANG_WARN__DUPLICATE_METHOD_MATCH = YES;
				COPY_PHASE_STRIP = NO;
				DEBUG_INFORMATION_FORMAT = "dwarf-with-dsym";
				ENABLE_NS_ASSERTIONS = NO;
				ENABLE_STRICT_OBJC_MSGSEND = YES;
				GCC_C_LANGUAGE_STANDARD = gnu11;
				GCC_NO_COMMON_BLOCKS = YES;
				GCC_WARN_64_TO_32_BIT_CONVERSION = YES;
				GCC_WARN_ABOUT_RETURN_TYPE = YES_ERROR;
				GCC_WARN_UNDECLARED_SELECTOR = YES;
				GCC_WARN_UNINITIALIZED_AUTOS = YES_AGGRESSIVE;
				GCC_WARN_UNUSED_FUNCTION = YES;
				GCC_WARN_UNUSED_VARIABLE = YES;
				IPHONEOS_DEPLOYMENT_TARGET = 14.3;
				MTL_ENABLE_DEBUG_INFO = NO;
				MTL_FAST_MATH = YES;
				SDKROOT = iphoneos;
				SWIFT_COMPILATION_MODE = wholemodule;
				SWIFT_OPTIMIZATION_LEVEL = "-O";
				VALIDATE_PRODUCT = YES;
			};
			name = Release;
		};
		F863ED0B25942DDD00C13D83 /* Debug */ = {
			isa = XCBuildConfiguration;
			buildSettings = {
				ASSETCATALOG_COMPILER_APPICON_NAME = AppIcon;
				ASSETCATALOG_COMPILER_GLOBAL_ACCENT_COLOR_NAME = AccentColor;
				CODE_SIGN_STYLE = Automatic;
				DEVELOPMENT_TEAM = A6586955H9;
				INFOPLIST_FILE = "Text App/Info.plist";
				LD_RUNPATH_SEARCH_PATHS = (
					"$(inherited)",
					"@executable_path/Frameworks",
				);
				PRODUCT_BUNDLE_IDENTIFIER = "com.arhanbusam.Text-App";
				PRODUCT_NAME = "$(TARGET_NAME)";
				SWIFT_VERSION = 5.0;
				TARGETED_DEVICE_FAMILY = "1,2";
			};
			name = Debug;
		};
		F863ED0C25942DDD00C13D83 /* Release */ = {
			isa = XCBuildConfiguration;
			buildSettings = {
				ASSETCATALOG_COMPILER_APPICON_NAME = AppIcon;
				ASSETCATALOG_COMPILER_GLOBAL_ACCENT_COLOR_NAME = AccentColor;
				CODE_SIGN_STYLE = Automatic;
				DEVELOPMENT_TEAM = A6586955H9;
				INFOPLIST_FILE = "Text App/Info.plist";
				LD_RUNPATH_SEARCH_PATHS = (
					"$(inherited)",
					"@executable_path/Frameworks",
				);
				PRODUCT_BUNDLE_IDENTIFIER = "com.arhanbusam.Text-App";
				PRODUCT_NAME = "$(TARGET_NAME)";
				SWIFT_VERSION = 5.0;
				TARGETED_DEVICE_FAMILY = "1,2";
			};
			name = Release;
		};
/* End XCBuildConfiguration section */

/* Begin XCConfigurationList section */
		F863ECF125942DDA00C13D83 /* Build configuration list for PBXProject "Text App" */ = {
			isa = XCConfigurationList;
			buildConfigurations = (
				F863ED0825942DDD00C13D83 /* Debug */,
				F863ED0925942DDD00C13D83 /* Release */,
			);
			defaultConfigurationIsVisible = 0;
			defaultConfigurationName = Release;
		};
		F863ED0A25942DDD00C13D83 /* Build configuration list for PBXNativeTarget "Text App" */ = {
			isa = XCConfigurationList;
			buildConfigurations = (
				F863ED0B25942DDD00C13D83 /* Debug */,
				F863ED0C25942DDD00C13D83 /* Release */,
			);
			defaultConfigurationIsVisible = 0;
			defaultConfigurationName = Release;
		};
/* End XCConfigurationList section */
	};
	rootObject = F863ECEE25942DDA00C13D83 /* Project object */;
}
